
Microsoft Visual Studio Solution File, Format Version 12.00
# Visual Studio 2013
VisualStudioVersion = 12.0.40629.0
MinimumVisualStudioVersion = 10.0.40219.1
Project("{FAE04EC0-301F-11D3-BF4B-00C04F79EFBC}") = "Doctors Surgery", "Doctors Surgery\Doctors Surgery.csproj", "{4D9CBD61-C409-4ECB-848C-BA8D6EB6E879}"
EndProject
Project("{2150E333-8FDC-42A3-9474-1A3956D46DE8}") = "Solution Items", "Solution Items", "{47FEC926-C814-4FA1-BF4F-A2C0A35E9C52}"
	ProjectSection(SolutionItems) = preProject
		..\WindowsFormsApplication2\WindowsFormsApplication2\DoctorsSugery.mdf = ..\WindowsFormsApplication2\WindowsFormsApplication2\DoctorsSugery.mdf
	EndProjectSection
EndProject
Global
	GlobalSection(SolutionConfigurationPlatforms) = preSolution
		Debug|Any CPU = Debug|Any CPU
		Release|Any CPU = Release|Any CPU
	EndGlobalSection
	GlobalSection(ProjectConfigurationPlatforms) = postSolution
		{4D9CBD61-C409-4ECB-848C-BA8D6EB6E879}.Debug|Any CPU.ActiveCfg = Debug|Any CPU
		{4D9CBD61-C409-4ECB-848C-BA8D6EB6E879}.Debug|Any CPU.Build.0 = Debug|Any CPU
		{4D9CBD61-C409-4ECB-848C-BA8D6EB6E879}.Release|Any CPU.ActiveCfg = Release|Any CPU
		{4D9CBD61-C409-4ECB-848C-BA8D6EB6E879}.Release|Any CPU.Build.0 = Release|Any CPU
	EndGlobalSection
	GlobalSection(SolutionProperties) = preSolution
		HideSolutionNode = FALSE
	EndGlobalSection
EndGlobal
